
Microsoft Visual Studio Solution File, Format Version 12.00
# Visual Studio 15
VisualStudioVersion = 15.0.27130.0
MinimumVisualStudioVersion = 10.0.40219.1
Project("{2150E333-8FDC-42A3-9474-1A3956D46DE8}") = "UI", "UI", "{2B247D0F-5585-489D-8E77-CF6BF416610B}"
EndProject
Project("{2150E333-8FDC-42A3-9474-1A3956D46DE8}") = "AngularJS", "AngularJS", "{A2302B3D-9C4E-42A5-9397-1CDD1B1E55F7}"
EndProject
Project("{FAE04EC0-301F-11D3-BF4B-00C04F79EFBC}") = "WebUIAngularJS_1x", "WebUIAngularJS_1x\WebUIAngularJS_1x.csproj", "{43A1BB5F-A5BA-423B-8B20-40402119CE35}"
EndProject
Project("{FAE04EC0-301F-11D3-BF4B-00C04F79EFBC}") = "ServiceLayerWebApi", "ServiceLayerWebApi\ServiceLayerWebApi.csproj", "{72DD26D6-87D5-4DD6-9844-889B10B0FFA6}"
EndProject
Project("{2150E333-8FDC-42A3-9474-1A3956D46DE8}") = "DotNetCore", "DotNetCore", "{F7BB4D7B-4D4D-49A0-89F1-C021A2931389}"
EndProject
Project("{9A19103F-16F7-4668-BE54-9A1E7A4F7556}") = "hello", "training\hello\hello.csproj", "{F7A5AC53-D5F3-4C55-8C82-F54BCF4D375D}"
EndProject
Project("{9A19103F-16F7-4668-BE54-9A1E7A4F7556}") = "fibo", "training\fibo\fibo.csproj", "{E1E4F765-A050-412E-A222-1C43C41711EC}"
EndProject
Project("{2150E333-8FDC-42A3-9474-1A3956D46DE8}") = "Architecture", "Architecture", "{EBE4E13C-CB5D-4BEB-9AAC-57393AB46B04}"
EndProject
Project("{2150E333-8FDC-42A3-9474-1A3956D46DE8}") = "SolidPrinciples", "SolidPrinciples", "{A0F56D4A-BC83-4CAB-A666-78C4B58D0B01}"
EndProject
Project("{FAE04EC0-301F-11D3-BF4B-00C04F79EFBC}") = "SolidPrinciples", "SolidPrinciples\SolidPrinciples.csproj", "{9F1AE07B-58F7-42C0-A6A4-803F964D94DD}"
EndProject
Project("{2150E333-8FDC-42A3-9474-1A3956D46DE8}") = "DesignPatterns", "DesignPatterns", "{0E9FAF7F-9A17-4385-8FE0-FD053C44C820}"
EndProject
Project("{FAE04EC0-301F-11D3-BF4B-00C04F79EFBC}") = "StrategyPattern", "conAppStrategyPattern\StrategyPattern.csproj", "{AEA25516-1ADE-48EC-88B7-519084EDBBE3}"
EndProject
Project("{FAE04EC0-301F-11D3-BF4B-00C04F79EFBC}") = "ObserverPattern", "ObserverPattern\ObserverPattern.csproj", "{7012BC90-F9DC-480F-A01E-0C59BB00CB52}"
EndProject
Project("{FAE04EC0-301F-11D3-BF4B-00C04F79EFBC}") = "DecoratorPattern", "DecoratorPattern\DecoratorPattern.csproj", "{2DE605C8-0F75-4057-AD03-DFF96BBBFB23}"
EndProject
Project("{2150E333-8FDC-42A3-9474-1A3956D46DE8}") = "Practice", "Practice", "{2B6A338D-2D13-4ACB-AE6C-7B73E056D67D}"
EndProject
Project("{FAE04EC0-301F-11D3-BF4B-00C04F79EFBC}") = "ElevatorSystem", "ElevatorSystem\ElevatorSystem.csproj", "{C7027694-C26C-41D9-950D-CAF3096A63CF}"
EndProject
Project("{FAE04EC0-301F-11D3-BF4B-00C04F79EFBC}") = "AdapterPattern", "AdapterPattern\AdapterPattern.csproj", "{76652895-0683-4DD3-AF9C-C8B7A0055E40}"
EndProject
Project("{2150E333-8FDC-42A3-9474-1A3956D46DE8}") = "Creation", "Creation", "{391F8321-0E2D-4A16-9F32-D066836DFAFD}"
EndProject
Project("{2150E333-8FDC-42A3-9474-1A3956D46DE8}") = "Structural", "Structural", "{29826DC5-C32F-4E98-93F3-FD2B9C53B7B5}"
EndProject
Project("{2150E333-8FDC-42A3-9474-1A3956D46DE8}") = "Behavioral", "Behavioral", "{AEBFC4A0-A7E1-4EA7-A200-40ABACC8125F}"
EndProject
Project("{FAE04EC0-301F-11D3-BF4B-00C04F79EFBC}") = "ElevatorSystemClient", "ElevatorSystemClient\ElevatorSystemClient.csproj", "{7CE1BDB1-D71F-44A8-B9EE-CDE73D1FC285}"
EndProject
Project("{FAE04EC0-301F-11D3-BF4B-00C04F79EFBC}") = "ParkingLotSystem", "ParkingLotSystem\ParkingLotSystem.csproj", "{6EDF6CC5-EBE8-46A1-AF53-194F3E6BC6D5}"
EndProject
Project("{FAE04EC0-301F-11D3-BF4B-00C04F79EFBC}") = "BridgePattern", "BridgePattern\BridgePattern.csproj", "{A632982B-110C-4833-BF25-E29122B97B60}"
EndProject
Global
	GlobalSection(SolutionConfigurationPlatforms) = preSolution
		Debug|Any CPU = Debug|Any CPU
		Release|Any CPU = Release|Any CPU
	EndGlobalSection
	GlobalSection(ProjectConfigurationPlatforms) = postSolution
		{43A1BB5F-A5BA-423B-8B20-40402119CE35}.Debug|Any CPU.ActiveCfg = Debug|Any CPU
		{43A1BB5F-A5BA-423B-8B20-40402119CE35}.Debug|Any CPU.Build.0 = Debug|Any CPU
		{43A1BB5F-A5BA-423B-8B20-40402119CE35}.Release|Any CPU.ActiveCfg = Release|Any CPU
		{43A1BB5F-A5BA-423B-8B20-40402119CE35}.Release|Any CPU.Build.0 = Release|Any CPU
		{72DD26D6-87D5-4DD6-9844-889B10B0FFA6}.Debug|Any CPU.ActiveCfg = Debug|Any CPU
		{72DD26D6-87D5-4DD6-9844-889B10B0FFA6}.Debug|Any CPU.Build.0 = Debug|Any CPU
		{72DD26D6-87D5-4DD6-9844-889B10B0FFA6}.Release|Any CPU.ActiveCfg = Release|Any CPU
		{72DD26D6-87D5-4DD6-9844-889B10B0FFA6}.Release|Any CPU.Build.0 = Release|Any CPU
		{F7A5AC53-D5F3-4C55-8C82-F54BCF4D375D}.Debug|Any CPU.ActiveCfg = Debug|Any CPU
		{F7A5AC53-D5F3-4C55-8C82-F54BCF4D375D}.Debug|Any CPU.Build.0 = Debug|Any CPU
		{F7A5AC53-D5F3-4C55-8C82-F54BCF4D375D}.Release|Any CPU.ActiveCfg = Release|Any CPU
		{F7A5AC53-D5F3-4C55-8C82-F54BCF4D375D}.Release|Any CPU.Build.0 = Release|Any CPU
		{E1E4F765-A050-412E-A222-1C43C41711EC}.Debug|Any CPU.ActiveCfg = Debug|Any CPU
		{E1E4F765-A050-412E-A222-1C43C41711EC}.Debug|Any CPU.Build.0 = Debug|Any CPU
		{E1E4F765-A050-412E-A222-1C43C41711EC}.Release|Any CPU.ActiveCfg = Release|Any CPU
		{E1E4F765-A050-412E-A222-1C43C41711EC}.Release|Any CPU.Build.0 = Release|Any CPU
		{9F1AE07B-58F7-42C0-A6A4-803F964D94DD}.Debug|Any CPU.ActiveCfg = Debug|Any CPU
		{9F1AE07B-58F7-42C0-A6A4-803F964D94DD}.Debug|Any CPU.Build.0 = Debug|Any CPU
		{9F1AE07B-58F7-42C0-A6A4-803F964D94DD}.Release|Any CPU.ActiveCfg = Release|Any CPU
		{9F1AE07B-58F7-42C0-A6A4-803F964D94DD}.Release|Any CPU.Build.0 = Release|Any CPU
		{AEA25516-1ADE-48EC-88B7-519084EDBBE3}.Debug|Any CPU.ActiveCfg = Debug|Any CPU
		{AEA25516-1ADE-48EC-88B7-519084EDBBE3}.Debug|Any CPU.Build.0 = Debug|Any CPU
		{AEA25516-1ADE-48EC-88B7-519084EDBBE3}.Release|Any CPU.ActiveCfg = Release|Any CPU
		{AEA25516-1ADE-48EC-88B7-519084EDBBE3}.Release|Any CPU.Build.0 = Release|Any CPU
		{7012BC90-F9DC-480F-A01E-0C59BB00CB52}.Debug|Any CPU.ActiveCfg = Debug|Any CPU
		{7012BC90-F9DC-480F-A01E-0C59BB00CB52}.Debug|Any CPU.Build.0 = Debug|Any CPU
		{7012BC90-F9DC-480F-A01E-0C59BB00CB52}.Release|Any CPU.ActiveCfg = Release|Any CPU
		{7012BC90-F9DC-480F-A01E-0C59BB00CB52}.Release|Any CPU.Build.0 = Release|Any CPU
		{2DE605C8-0F75-4057-AD03-DFF96BBBFB23}.Debug|Any CPU.ActiveCfg = Debug|Any CPU
		{2DE605C8-0F75-4057-AD03-DFF96BBBFB23}.Debug|Any CPU.Build.0 = Debug|Any CPU
		{2DE605C8-0F75-4057-AD03-DFF96BBBFB23}.Release|Any CPU.ActiveCfg = Release|Any CPU
		{2DE605C8-0F75-4057-AD03-DFF96BBBFB23}.Release|Any CPU.Build.0 = Release|Any CPU
		{C7027694-C26C-41D9-950D-CAF3096A63CF}.Debug|Any CPU.ActiveCfg = Debug|Any CPU
		{C7027694-C26C-41D9-950D-CAF3096A63CF}.Debug|Any CPU.Build.0 = Debug|Any CPU
		{C7027694-C26C-41D9-950D-CAF3096A63CF}.Release|Any CPU.ActiveCfg = Release|Any CPU
		{C7027694-C26C-41D9-950D-CAF3096A63CF}.Release|Any CPU.Build.0 = Release|Any CPU
		{76652895-0683-4DD3-AF9C-C8B7A0055E40}.Debug|Any CPU.ActiveCfg = Debug|Any CPU
		{76652895-0683-4DD3-AF9C-C8B7A0055E40}.Debug|Any CPU.Build.0 = Debug|Any CPU
		{76652895-0683-4DD3-AF9C-C8B7A0055E40}.Release|Any CPU.ActiveCfg = Release|Any CPU
		{76652895-0683-4DD3-AF9C-C8B7A0055E40}.Release|Any CPU.Build.0 = Release|Any CPU
		{7CE1BDB1-D71F-44A8-B9EE-CDE73D1FC285}.Debug|Any CPU.ActiveCfg = Debug|Any CPU
		{7CE1BDB1-D71F-44A8-B9EE-CDE73D1FC285}.Debug|Any CPU.Build.0 = Debug|Any CPU
		{7CE1BDB1-D71F-44A8-B9EE-CDE73D1FC285}.Release|Any CPU.ActiveCfg = Release|Any CPU
		{7CE1BDB1-D71F-44A8-B9EE-CDE73D1FC285}.Release|Any CPU.Build.0 = Release|Any CPU
		{6EDF6CC5-EBE8-46A1-AF53-194F3E6BC6D5}.Debug|Any CPU.ActiveCfg = Debug|Any CPU
		{6EDF6CC5-EBE8-46A1-AF53-194F3E6BC6D5}.Debug|Any CPU.Build.0 = Debug|Any CPU
		{6EDF6CC5-EBE8-46A1-AF53-194F3E6BC6D5}.Release|Any CPU.ActiveCfg = Release|Any CPU
		{6EDF6CC5-EBE8-46A1-AF53-194F3E6BC6D5}.Release|Any CPU.Build.0 = Release|Any CPU
		{A632982B-110C-4833-BF25-E29122B97B60}.Debug|Any CPU.ActiveCfg = Debug|Any CPU
		{A632982B-110C-4833-BF25-E29122B97B60}.Debug|Any CPU.Build.0 = Debug|Any CPU
		{A632982B-110C-4833-BF25-E29122B97B60}.Release|Any CPU.ActiveCfg = Release|Any CPU
		{A632982B-110C-4833-BF25-E29122B97B60}.Release|Any CPU.Build.0 = Release|Any CPU
	EndGlobalSection
	GlobalSection(SolutionProperties) = preSolution
		HideSolutionNode = FALSE
	EndGlobalSection
	GlobalSection(NestedProjects) = preSolution
		{A2302B3D-9C4E-42A5-9397-1CDD1B1E55F7} = {2B247D0F-5585-489D-8E77-CF6BF416610B}
		{43A1BB5F-A5BA-423B-8B20-40402119CE35} = {A2302B3D-9C4E-42A5-9397-1CDD1B1E55F7}
		{72DD26D6-87D5-4DD6-9844-889B10B0FFA6} = {A2302B3D-9C4E-42A5-9397-1CDD1B1E55F7}
		{F7A5AC53-D5F3-4C55-8C82-F54BCF4D375D} = {F7BB4D7B-4D4D-49A0-89F1-C021A2931389}
		{E1E4F765-A050-412E-A222-1C43C41711EC} = {F7BB4D7B-4D4D-49A0-89F1-C021A2931389}
		{A0F56D4A-BC83-4CAB-A666-78C4B58D0B01} = {EBE4E13C-CB5D-4BEB-9AAC-57393AB46B04}
		{9F1AE07B-58F7-42C0-A6A4-803F964D94DD} = {A0F56D4A-BC83-4CAB-A666-78C4B58D0B01}
		{0E9FAF7F-9A17-4385-8FE0-FD053C44C820} = {EBE4E13C-CB5D-4BEB-9AAC-57393AB46B04}
		{AEA25516-1ADE-48EC-88B7-519084EDBBE3} = {AEBFC4A0-A7E1-4EA7-A200-40ABACC8125F}
		{7012BC90-F9DC-480F-A01E-0C59BB00CB52} = {AEBFC4A0-A7E1-4EA7-A200-40ABACC8125F}
		{2DE605C8-0F75-4057-AD03-DFF96BBBFB23} = {29826DC5-C32F-4E98-93F3-FD2B9C53B7B5}
		{2B6A338D-2D13-4ACB-AE6C-7B73E056D67D} = {EBE4E13C-CB5D-4BEB-9AAC-57393AB46B04}
		{C7027694-C26C-41D9-950D-CAF3096A63CF} = {2B6A338D-2D13-4ACB-AE6C-7B73E056D67D}
		{76652895-0683-4DD3-AF9C-C8B7A0055E40} = {391F8321-0E2D-4A16-9F32-D066836DFAFD}
		{391F8321-0E2D-4A16-9F32-D066836DFAFD} = {0E9FAF7F-9A17-4385-8FE0-FD053C44C820}
		{29826DC5-C32F-4E98-93F3-FD2B9C53B7B5} = {0E9FAF7F-9A17-4385-8FE0-FD053C44C820}
		{AEBFC4A0-A7E1-4EA7-A200-40ABACC8125F} = {0E9FAF7F-9A17-4385-8FE0-FD053C44C820}
		{7CE1BDB1-D71F-44A8-B9EE-CDE73D1FC285} = {2B6A338D-2D13-4ACB-AE6C-7B73E056D67D}
		{6EDF6CC5-EBE8-46A1-AF53-194F3E6BC6D5} = {2B6A338D-2D13-4ACB-AE6C-7B73E056D67D}
		{A632982B-110C-4833-BF25-E29122B97B60} = {29826DC5-C32F-4E98-93F3-FD2B9C53B7B5}
	EndGlobalSection
	GlobalSection(ExtensibilityGlobals) = postSolution
		SolutionGuid = {6E5853A3-2BF6-4C35-93CF-F7BCF07985B9}
	EndGlobalSection
EndGlobal
